
Microsoft Visual Studio Solution File, Format Version 12.00
# Visual Studio Version 17
VisualStudioVersion = 17.10.34916.146
MinimumVisualStudioVersion = 10.0.40219.1
Project("{FAE04EC0-301F-11D3-BF4B-00C04F79EFBC}") = "0604", "0604\0604.csproj", "{D25FB49B-B36F-4725-9306-48238DE53348}"
EndProject
Global
	GlobalSection(SolutionConfigurationPlatforms) = preSolution
		Debug|Any CPU = Debug|Any CPU
		Release|Any CPU = Release|Any CPU
	EndGlobalSection
	GlobalSection(ProjectConfigurationPlatforms) = postSolution
		{D25FB49B-B36F-4725-9306-48238DE53348}.Debug|Any CPU.ActiveCfg = Debug|Any CPU
		{D25FB49B-B36F-4725-9306-48238DE53348}.Debug|Any CPU.Build.0 = Debug|Any CPU
		{D25FB49B-B36F-4725-9306-48238DE53348}.Release|Any CPU.ActiveCfg = Release|Any CPU
		{D25FB49B-B36F-4725-9306-48238DE53348}.Release|Any CPU.Build.0 = Release|Any CPU
	EndGlobalSection
	GlobalSection(SolutionProperties) = preSolution
		HideSolutionNode = FALSE
	EndGlobalSection
	GlobalSection(ExtensibilityGlobals) = postSolution
		SolutionGuid = {54B569DA-4A36-413A-A02E-010E3313A8F2}
	EndGlobalSection
EndGlobal
