
Microsoft Visual Studio Solution File, Format Version 12.00
# Visual Studio Version 17
VisualStudioVersion = 17.10.34916.146
MinimumVisualStudioVersion = 10.0.40219.1
Project("{FAE04EC0-301F-11D3-BF4B-00C04F79EFBC}") = "0604_4", "0604_4\0604_4.csproj", "{F7B09587-6C27-44E4-AB89-9DB02D52D96A}"
EndProject
Global
	GlobalSection(SolutionConfigurationPlatforms) = preSolution
		Debug|Any CPU = Debug|Any CPU
		Release|Any CPU = Release|Any CPU
	EndGlobalSection
	GlobalSection(ProjectConfigurationPlatforms) = postSolution
		{F7B09587-6C27-44E4-AB89-9DB02D52D96A}.Debug|Any CPU.ActiveCfg = Debug|Any CPU
		{F7B09587-6C27-44E4-AB89-9DB02D52D96A}.Debug|Any CPU.Build.0 = Debug|Any CPU
		{F7B09587-6C27-44E4-AB89-9DB02D52D96A}.Release|Any CPU.ActiveCfg = Release|Any CPU
		{F7B09587-6C27-44E4-AB89-9DB02D52D96A}.Release|Any CPU.Build.0 = Release|Any CPU
	EndGlobalSection
	GlobalSection(SolutionProperties) = preSolution
		HideSolutionNode = FALSE
	EndGlobalSection
	GlobalSection(ExtensibilityGlobals) = postSolution
		SolutionGuid = {43A64BD4-5C95-48B8-965C-CD9DFCE61F6D}
	EndGlobalSection
EndGlobal
